
Microsoft Visual Studio Solution File, Format Version 12.00
# Visual Studio Version 17
VisualStudioVersion = 17.14.36414.22 d17.14
MinimumVisualStudioVersion = 10.0.40219.1
Project("{FAE04EC0-301F-11D3-BF4B-00C04F79EFBC}") = "KobberLan", "KobberLan.csproj", "{A710117A-88A6-4B4B-9FF4-53750B60B4DC}"
EndProject
Global
	GlobalSection(SolutionConfigurationPlatforms) = preSolution
		Debug|Any CPU = Debug|Any CPU
		Release|Any CPU = Release|Any CPU
	EndGlobalSection
	GlobalSection(ProjectConfigurationPlatforms) = postSolution
		{A710117A-88A6-4B4B-9FF4-53750B60B4DC}.Debug|Any CPU.ActiveCfg = Debug|Any CPU
		{A710117A-88A6-4B4B-9FF4-53750B60B4DC}.Debug|Any CPU.Build.0 = Debug|Any CPU
		{A710117A-88A6-4B4B-9FF4-53750B60B4DC}.Release|Any CPU.ActiveCfg = Release|Any CPU
		{A710117A-88A6-4B4B-9FF4-53750B60B4DC}.Release|Any CPU.Build.0 = Release|Any CPU
	EndGlobalSection
	GlobalSection(SolutionProperties) = preSolution
		HideSolutionNode = FALSE
	EndGlobalSection
	GlobalSection(ExtensibilityGlobals) = postSolution
		SolutionGuid = {BCB7550D-49FE-44F9-9FA6-0E5117EAAA24}
	EndGlobalSection
EndGlobal
